PODS:
  - Crashlytics (3.14.0):
    - Fabric (~> 1.10.2)
  - Fabric (1.10.2)
  - file_chooser (0.0.2):
    - FlutterMacOS
  - Firebase/Core (6.17.0):
    - Firebase/CoreOnly
    - FirebaseAnalytics (= 6.2.2)
  - Firebase/CoreOnly (6.17.0):
    - FirebaseCore (= 6.6.2)
  - firebase_crashlytics (0.0.1):
    - Crashlytics
    - Fabric
    - Firebase/Core
    - FlutterMacOS
  - FirebaseCore (6.6.2):
    - FirebaseCoreDiagnostics (~> 1.2)
    - FirebaseCoreDiagnosticsInterop (~> 1.2)
    - GoogleUtilities/Environment (~> 6.5)
    - GoogleUtilities/Logger (~> 6.5)
  - FirebaseCoreDiagnostics (1.2.0):
    - FirebaseCoreDiagnosticsInterop (~> 1.2)
    - GoogleDataTransportCCTSupport (~> 1.3)
    - GoogleUtilities/Environment (~> 6.5)
    - GoogleUtilities/Logger (~> 6.5)
    - nanopb (~> 0.3.901)
  - FirebaseCoreDiagnosticsInterop (1.2.0)
  - flutter_local_notifications (0.0.1):
    - FlutterMacOS
  - FlutterMacOS (1.0.0)
  - FMDB (2.7.5):
    - FMDB/standard (= 2.7.5)
  - FMDB/standard (2.7.5)
  - GoogleDataTransport (4.0.0)
  - GoogleDataTransportCCTSupport (1.4.0):
    - GoogleDataTransport (~> 4.0)
    - nanopb (~> 0.3.901)
  - GoogleUtilities/Environment (6.5.1)
  - GoogleUtilities/Logger (6.5.1):
    - GoogleUtilities/Environment
  - in_app_review (0.2.0):
    - FlutterMacOS
  - nanopb (0.3.9011):
    - nanopb/decode (= 0.3.9011)
    - nanopb/encode (= 0.3.9011)
  - nanopb/decode (0.3.9011)
  - nanopb/encode (0.3.9011)
  - native_pdf_renderer (1.0.0):
    - FlutterMacOS
  - package_info (0.0.1):
    - FlutterMacOS
  - path_provider (0.0.1)
  - path_provider_macos (0.0.1):
    - FlutterMacOS
  - shared_preferences (0.0.1)
  - shared_preferences_macos (0.0.1):
    - FlutterMacOS
  - sqflite (0.0.1):
    - FlutterMacOS
    - FMDB (~> 2.7.2)
  - url_launcher (0.0.1)
  - url_launcher_macos (0.0.1):
    - FlutterMacOS

DEPENDENCIES:
  - file_chooser (from `Flutter/ephemeral/.symlinks/plugins/file_chooser/macos`)
  - firebase_crashlytics (from `Flutter/ephemeral/.symlinks/plugins/firebase_crashlytics/macos`)
  - flutter_local_notifications (from `Flutter/ephemeral/.symlinks/plugins/flutter_local_notifications/macos`)
  - FlutterMacOS (from `Flutter/ephemeral/.symlinks/flutter/darwin-x64`)
  - in_app_review (from `Flutter/ephemeral/.symlinks/plugins/in_app_review/macos`)
  - native_pdf_renderer (from `Flutter/ephemeral/.symlinks/plugins/native_pdf_renderer/macos`)
  - package_info (from `Flutter/ephemeral/.symlinks/plugins/package_info/macos`)
  - path_provider (from `Flutter/ephemeral/.symlinks/plugins/path_provider/macos`)
  - path_provider_macos (from `Flutter/ephemeral/.symlinks/plugins/path_provider_macos/macos`)
  - shared_preferences (from `Flutter/ephemeral/.symlinks/plugins/shared_preferences/macos`)
  - shared_preferences_macos (from `Flutter/ephemeral/.symlinks/plugins/shared_preferences_macos/macos`)
  - sqflite (from `Flutter/ephemeral/.symlinks/plugins/sqflite/macos`)
  - url_launcher (from `Flutter/ephemeral/.symlinks/plugins/url_launcher/macos`)
  - url_launcher_macos (from `Flutter/ephemeral/.symlinks/plugins/url_launcher_macos/macos`)

SPEC REPOS:
  trunk:
    - Crashlytics
    - Fabric
    - Firebase
    - FirebaseCore
    - FirebaseCoreDiagnostics
    - FirebaseCoreDiagnosticsInterop
    - FMDB
    - GoogleDataTransport
    - GoogleDataTransportCCTSupport
    - GoogleUtilities
    - nanopb

EXTERNAL SOURCES:
  file_chooser:
    :path: Flutter/ephemeral/.symlinks/plugins/file_chooser/macos
  firebase_crashlytics:
    :path: Flutter/ephemeral/.symlinks/plugins/firebase_crashlytics/macos
  flutter_local_notifications:
    :path: Flutter/ephemeral/.symlinks/plugins/flutter_local_notifications/macos
  FlutterMacOS:
    :path: Flutter/ephemeral/.symlinks/flutter/darwin-x64
  in_app_review:
    :path: Flutter/ephemeral/.symlinks/plugins/in_app_review/macos
  native_pdf_renderer:
    :path: Flutter/ephemeral/.symlinks/plugins/native_pdf_renderer/macos
  package_info:
    :path: Flutter/ephemeral/.symlinks/plugins/package_info/macos
  path_provider:
    :path: Flutter/ephemeral/.symlinks/plugins/path_provider/macos
  path_provider_macos:
    :path: Flutter/ephemeral/.symlinks/plugins/path_provider_macos/macos
  shared_preferences:
    :path: Flutter/ephemeral/.symlinks/plugins/shared_preferences/macos
  shared_preferences_macos:
    :path: Flutter/ephemeral/.symlinks/plugins/shared_preferences_macos/macos
  sqflite:
    :path: Flutter/ephemeral/.symlinks/plugins/sqflite/macos
  url_launcher:
    :path: Flutter/ephemeral/.symlinks/plugins/url_launcher/macos
  url_launcher_macos:
    :path: Flutter/ephemeral/.symlinks/plugins/url_launcher_macos/macos

SPEC CHECKSUMS:
  Crashlytics: 540b7e5f5da5a042647227a5e3ac51d85eed06df
  Fabric: 706c8b8098fff96c33c0db69cbf81f9c551d0d74
  file_chooser: 24432cf5dc836722b05c11c2a0a30d19c3c9b996
  Firebase: 2672e5636b42f977177716317e68346ae5e9de25
  firebase_crashlytics: 506ecae75ea9ba82cce680c6901d492bdf7a92be
  FirebaseCore: a1dd9dd6355a8356dd30a8f076839e242285a81c
  FirebaseCoreDiagnostics: 5e78803ab276bc5b50340e3c539c06c3de35c649
  FirebaseCoreDiagnosticsInterop: 296e2c5f5314500a850ad0b83e9e7c10b011a850
  flutter_local_notifications: 3805ca215b2fb7f397d78b66db91f6a747af52e4
  FlutterMacOS: 15bea8a44d2fa024068daa0140371c020b4b6ff9
  FMDB: 2ce00b547f966261cd18927a3ddb07cb6f3db82a
  GoogleDataTransport: 47fe3b8e1673e5187dfd615656a3c5034f150d69
  GoogleDataTransportCCTSupport: 36f69887fd212db6d7ef4dd45ba44523717a434e
  GoogleUtilities: 06eb53bb579efe7099152735900dd04bf09e7275
  in_app_review: a850789fad746e89bce03d4aeee8078b45a53fd0
  nanopb: 18003b5e52dab79db540fe93fe9579f399bd1ccd
  native_pdf_renderer: 88fab8a66bc2da5107316894eb288749d9d356b2
  package_info: 6eba2fd8d3371dda2d85c8db6fe97488f24b74b2
  path_provider: e0848572d1d38b9a7dd099e79cf83f5b7e2cde9f
  path_provider_macos: a0a3fd666cb7cd0448e936fb4abad4052961002b
  shared_preferences: 9fec34d1bd906196a4da48fcf6c3ad521cc00b8d
  shared_preferences_macos: 480ce071d0666e37cef23fe6c702293a3d21799e
  sqflite: 6c1f07e1d4399d619ea619fea9171251dd24d058
  url_launcher: af78307ef9bafff91273b34f1c6c0c86a0004fd7
  url_launcher_macos: 45af3d61de06997666568a7149c1be98b41c95d4

PODFILE CHECKSUM: 580e6d7c6c04b3286a73022616fe6dd217116f54

COCOAPODS: 1.9.3
